
Microsoft Visual Studio Solution File, Format Version 12.00
# Visual Studio Version 17
VisualStudioVersion = 17.0.31903.59
MinimumVisualStudioVersion = 10.0.40219.1
Project("{FAE04EC0-301F-11D3-BF4B-00C04F79EFBC}") = "touch", "touch\touch.csproj", "{13A05DA3-14E8-446A-97C2-02A044F1326B}"
EndProject
Global
	GlobalSection(SolutionConfigurationPlatforms) = preSolution
		Debug|Any CPU = Debug|Any CPU
		Release|Any CPU = Release|Any CPU
	EndGlobalSection
	GlobalSection(SolutionProperties) = preSolution
		HideSolutionNode = FALSE
	EndGlobalSection
	GlobalSection(ProjectConfigurationPlatforms) = postSolution
		{13A05DA3-14E8-446A-97C2-02A044F1326B}.Debug|Any CPU.ActiveCfg = Debug|Any CPU
		{13A05DA3-14E8-446A-97C2-02A044F1326B}.Debug|Any CPU.Build.0 = Debug|Any CPU
		{13A05DA3-14E8-446A-97C2-02A044F1326B}.Release|Any CPU.ActiveCfg = Release|Any CPU
		{13A05DA3-14E8-446A-97C2-02A044F1326B}.Release|Any CPU.Build.0 = Release|Any CPU
	EndGlobalSection
EndGlobal
